<?xml version="1.0" encoding="utf-8"?>
<Project ToolsVersion="4.0" xmlns="http://schemas.microsoft.com/developer/msbuild/2003">
  <ItemGroup>
    <Filter Include="源文件">
      <UniqueIdentifier>{4FC737F1-C7A5-4376-A066-2A32D752A2FF}</UniqueIdentifier>
      <Extensions>cpp;c;cc;cxx;def;odl;idl;hpj;bat;asm;asmx</Extensions>
    </Filter>
    <Filter Include="头文件">
      <UniqueIdentifier>{93995380-89BD-4b04-88EB-625FBE52EBFB}</UniqueIdentifier>
      <Extensions>h;hpp;hxx;hm;inl;inc;xsd</Extensions>
    </Filter>
    <Filter Include="资源文件">
      <UniqueIdentifier>{67DA6AB6-F800-4c08-8B7A-83BB121AAD01}</UniqueIdentifier>
      <Extensions>rc;ico;cur;bmp;dlg;rc2;rct;bin;rgs;gif;jpg;jpeg;jpe;resx;tiff;tif;png;wav;mfcribbon-ms</Extensions>
    </Filter>
  </ItemGroup>
  <ItemGroup>
    <ClInclude Include="utility.h">
      <Filter>头文件</Filter>
    </ClInclude>
    <ClInclude Include="kth_smallest_element_in_a_BST.h">
      <Filter>头文件</Filter>
    </ClInclude>
    <ClInclude Include="sort_list.h">
      <Filter>头文件</Filter>
    </ClInclude>
    <ClInclude Include="merge_two_sorted_lists.h">
      <Filter>头文件</Filter>
    </ClInclude>
    <ClInclude Include="merge_k_sorted_lists.h">
      <Filter>头文件</Filter>
    </ClInclude>
    <ClInclude Include="reverse_nodes_in_k-Group.h">
      <Filter>头文件</Filter>
    </ClInclude>
    <ClInclude Include="delete_node_in_a_linked_list.h">
      <Filter>头文件</Filter>
    </ClInclude>
    <ClInclude Include="4Sum.h">
      <Filter>头文件</Filter>
    </ClInclude>
    <ClInclude Include="k_sum.h">
      <Filter>头文件</Filter>
    </ClInclude>
    <ClInclude Include="remove_linked_list_elements.h">
      <Filter>头文件</Filter>
    </ClInclude>
    <ClInclude Include="convert_sorted_list_to_binary_search_tree.h">
      <Filter>头文件</Filter>
    </ClInclude>
    <ClInclude Include="rotate_list.h">
      <Filter>头文件</Filter>
    </ClInclude>
    <ClInclude Include="reorder_list .h">
      <Filter>头文件</Filter>
    </ClInclude>
    <ClInclude Include="word_break.h">
      <Filter>头文件</Filter>
    </ClInclude>
    <ClInclude Include="word_break_II.h">
      <Filter>头文件</Filter>
    </ClInclude>
    <ClInclude Include="find_all_path.h">
      <Filter>头文件</Filter>
    </ClInclude>
    <ClInclude Include="unique_paths.h">
      <Filter>头文件</Filter>
    </ClInclude>
    <ClInclude Include="unique_paths_II.h">
      <Filter>头文件</Filter>
    </ClInclude>
    <ClInclude Include="minimum_path_sum.h">
      <Filter>头文件</Filter>
    </ClInclude>
    <ClInclude Include="3Sum.h">
      <Filter>头文件</Filter>
    </ClInclude>
  </ItemGroup>
  <ItemGroup>
    <ClCompile Include="main.cpp">
      <Filter>源文件</Filter>
    </ClCompile>
  </ItemGroup>
</Project>